
Microsoft Visual Studio Solution File, Format Version 12.00
# Visual Studio Version 17
VisualStudioVersion = 17.10.34916.146
MinimumVisualStudioVersion = 10.0.40219.1
Project("{9A19103F-16F7-4668-BE54-9A1E7A4F7556}") = "Videoteka", "Videoteka\Videoteka.csproj", "{5158A390-88EB-4EAE-BE1A-C05644C2630A}"
EndProject
Project("{9A19103F-16F7-4668-BE54-9A1E7A4F7556}") = "Videoteka.Shared", "Videoteka.Shared\Videoteka.Shared.csproj", "{288EFCDD-B89F-46DA-B52F-21DEB887A85A}"
EndProject
Global
	GlobalSection(SolutionConfigurationPlatforms) = preSolution
		Debug|Any CPU = Debug|Any CPU
		Release|Any CPU = Release|Any CPU
	EndGlobalSection
	GlobalSection(ProjectConfigurationPlatforms) = postSolution
		{5158A390-88EB-4EAE-BE1A-C05644C2630A}.Debug|Any CPU.ActiveCfg = Debug|Any CPU
		{5158A390-88EB-4EAE-BE1A-C05644C2630A}.Debug|Any CPU.Build.0 = Debug|Any CPU
		{5158A390-88EB-4EAE-BE1A-C05644C2630A}.Release|Any CPU.ActiveCfg = Release|Any CPU
		{5158A390-88EB-4EAE-BE1A-C05644C2630A}.Release|Any CPU.Build.0 = Release|Any CPU
		{288EFCDD-B89F-46DA-B52F-21DEB887A85A}.Debug|Any CPU.ActiveCfg = Debug|Any CPU
		{288EFCDD-B89F-46DA-B52F-21DEB887A85A}.Debug|Any CPU.Build.0 = Debug|Any CPU
		{288EFCDD-B89F-46DA-B52F-21DEB887A85A}.Release|Any CPU.ActiveCfg = Release|Any CPU
		{288EFCDD-B89F-46DA-B52F-21DEB887A85A}.Release|Any CPU.Build.0 = Release|Any CPU
	EndGlobalSection
	GlobalSection(SolutionProperties) = preSolution
		HideSolutionNode = FALSE
	EndGlobalSection
	GlobalSection(ExtensibilityGlobals) = postSolution
		SolutionGuid = {9DB6104A-E995-4738-A07D-0D51AA8C623C}
	EndGlobalSection
EndGlobal
